
Microsoft Visual Studio Solution File, Format Version 12.00
# Visual Studio Version 16
VisualStudioVersion = 16.0.34114.132
MinimumVisualStudioVersion = 10.0.40219.1
Project("{2150E333-8FDC-42A3-9474-1A3956D46DE8}") = "Task0", "Task0", "{EFB98AA5-21F2-4B60-B5F8-DD5B3A64EC3E}"
EndProject
Project("{2150E333-8FDC-42A3-9474-1A3956D46DE8}") = "Task1", "Task1", "{D7E6049F-912C-4BD7-9D86-C996388124EA}"
EndProject
Project("{2150E333-8FDC-42A3-9474-1A3956D46DE8}") = "Task2", "Task2", "{97FCB2C0-AA53-407E-9C61-CB926A350AED}"
EndProject
Project("{2150E333-8FDC-42A3-9474-1A3956D46DE8}") = "Task3", "Task3", "{D90435EC-1E55-405F-84D6-686711641B05}"
EndProject
Project("{2150E333-8FDC-42A3-9474-1A3956D46DE8}") = "Task4", "Task4", "{BC50B209-B11B-4C57-BC30-7D4BB4780149}"
EndProject
Project("{2150E333-8FDC-42A3-9474-1A3956D46DE8}") = "Task5", "Task5", "{B21E746B-55A2-443F-A46D-54D8DA3335A2}"
EndProject
Project("{2150E333-8FDC-42A3-9474-1A3956D46DE8}") = "Task6", "Task6", "{D1CC3759-BFE7-49B0-99E0-681FCBF70379}"
EndProject
Project("{2150E333-8FDC-42A3-9474-1A3956D46DE8}") = "Task7", "Task7", "{8EB9F44C-1190-4829-809D-4B12978DCAEB}"
EndProject
Project("{FAE04EC0-301F-11D3-BF4B-00C04F79EFBC}") = "Tyuiu.MelehovAG.Sprint1.Task0.V0", "Tyuiu.MelehovAG.Sprint1.Task0.V0\Tyuiu.MelehovAG.Sprint1.Task0.V0.csproj", "{CA7274CF-C1C5-437C-B3A9-07611744CE0C}"
EndProject
Project("{FAE04EC0-301F-11D3-BF4B-00C04F79EFBC}") = "Tyuiu.MelehovAG.Sprint1.Task0.V0.Lib", "Tyuiu.MelehovAG.Sprint1.Task0.V0.Lib\Tyuiu.MelehovAG.Sprint1.Task0.V0.Lib.csproj", "{18553A0D-9258-43F8-BFCD-6D6BF1B92ABD}"
EndProject
Project("{FAE04EC0-301F-11D3-BF4B-00C04F79EFBC}") = "Tyuiu.MelehovAG.Sprint1.Task0.V0.Test", "Tyuiu.MelehovAG.Sprint1.Task0.V0.Test\Tyuiu.MelehovAG.Sprint1.Task0.V0.Test.csproj", "{9A1E1CDF-B03E-4DF8-9EB8-6438F5B10343}"
EndProject
Project("{FAE04EC0-301F-11D3-BF4B-00C04F79EFBC}") = "Tyuiu.MelehovAG.Sprint1.Task0.V23", "Tyuiu.MelehovAG.Sprint1.Task0.V23\Tyuiu.MelehovAG.Sprint1.Task0.V23.csproj", "{9BFFC394-1402-41B8-9C22-3C774AF2597B}"
EndProject
Project("{FAE04EC0-301F-11D3-BF4B-00C04F79EFBC}") = "Tyuiu.MelehovAG.Sprint1.Task0.V23.Test", "Tyuiu.MelehovAG.Sprint1.Task0.V23.Test\Tyuiu.MelehovAG.Sprint1.Task0.V23.Test.csproj", "{CE4AC304-138B-4ADF-B6C0-550A6E684665}"
EndProject
Project("{FAE04EC0-301F-11D3-BF4B-00C04F79EFBC}") = "Tyuiu.MelehovAG.Sprint1.Task0.V23.Lib", "Tyuiu.MelehovAG.Sprint1.Task0.V23.Lib\Tyuiu.MelehovAG.Sprint1.Task0.V23.Lib.csproj", "{4F93CA26-7414-4E97-9548-D9F80F406D36}"
EndProject
Project("{FAE04EC0-301F-11D3-BF4B-00C04F79EFBC}") = "Tyuiu.MelehovAG.Sprint1.Task1.V0", "Tyuiu.MelehovAG.Sprint1.Task1.V0\Tyuiu.MelehovAG.Sprint1.Task1.V0.csproj", "{156F528E-BA11-4EEF-9754-79F9E490B602}"
EndProject
Project("{FAE04EC0-301F-11D3-BF4B-00C04F79EFBC}") = "Tyuiu.MelehovAG.Sprint1.Task1.V0.Lib", "Tyuiu.MelehovAG.Sprint1.Task1.V0.Lib\Tyuiu.MelehovAG.Sprint1.Task1.V0.Lib.csproj", "{B130192A-C1F2-4856-9C66-7827304F3BA8}"
EndProject
Project("{FAE04EC0-301F-11D3-BF4B-00C04F79EFBC}") = "Tyuiu.MelehovAG.Sprint1.Task1.V0.Test", "Tyuiu.MelehovAG.Sprint1.Task1.V0.Test\Tyuiu.MelehovAG.Sprint1.Task1.V0.Test.csproj", "{037DA9BC-9871-4850-8ABA-1DFE71B28224}"
EndProject
Project("{FAE04EC0-301F-11D3-BF4B-00C04F79EFBC}") = "Tyuiu.MelehovAG.Sprint1.Task2.V0", "Tyuiu.MelehovAG.Sprint1.Task2.V0\Tyuiu.MelehovAG.Sprint1.Task2.V0.csproj", "{F8FCCAB9-116F-4C6F-B34D-A7C9B4775893}"
EndProject
Project("{FAE04EC0-301F-11D3-BF4B-00C04F79EFBC}") = "Tyuiu.MelehovAG.Sprint1.Task2.V0.Lib", "Tyuiu.MelehovAG.Sprint1.Task2.V0.Lib\Tyuiu.MelehovAG.Sprint1.Task2.V0.Lib.csproj", "{90DD4FE3-26D2-4CDB-B02B-CF32A6CEB72C}"
EndProject
Project("{FAE04EC0-301F-11D3-BF4B-00C04F79EFBC}") = "Tyuiu.MelehovAG.Sprint1.Task2.V0.Test", "Tyuiu.MelehovAG.Sprint1.Task2.V0.Test\Tyuiu.MelehovAG.Sprint1.Task2.V0.Test.csproj", "{EC9C1A72-EDA2-4F72-B00C-59B01C3C438C}"
EndProject
Project("{FAE04EC0-301F-11D3-BF4B-00C04F79EFBC}") = "Tyuiu.MelehovAG.Sprint1.Task3.V0", "Tyuiu.MelehovAG.Sprint1.Task3.V0\Tyuiu.MelehovAG.Sprint1.Task3.V0.csproj", "{D8866DAE-383F-464A-A50B-8A4E1BC5A89E}"
EndProject
Project("{FAE04EC0-301F-11D3-BF4B-00C04F79EFBC}") = "Tyuiu.MelehovAG.Sprint1.Task3.V0.Lib", "Tyuiu.MelehovAG.Sprint1.Task3.V0.Lib\Tyuiu.MelehovAG.Sprint1.Task3.V0.Lib.csproj", "{146FB4DF-AD72-4C20-A24C-43D23DAC6363}"
EndProject
Project("{FAE04EC0-301F-11D3-BF4B-00C04F79EFBC}") = "Tyuiu.MelehovAG.Sprint1.Task3.V0.Test", "Tyuiu.MelehovAG.Sprint1.Task3.V0.Test\Tyuiu.MelehovAG.Sprint1.Task3.V0.Test.csproj", "{CE4C1049-9813-4A7B-A4A3-906F9A2BDC7B}"
EndProject
Project("{FAE04EC0-301F-11D3-BF4B-00C04F79EFBC}") = "Tyuiu.MelehovAG.Sprint1.Task4.V0", "Tyuiu.MelehovAG.Sprint1.Task4.V0\Tyuiu.MelehovAG.Sprint1.Task4.V0.csproj", "{7C1815D8-9122-42B7-AF1C-9D271F6A49E1}"
EndProject
Project("{FAE04EC0-301F-11D3-BF4B-00C04F79EFBC}") = "Tyuiu.MelehovAG.Sprint1.Task4.V0.Lib", "Tyuiu.MelehovAG.Sprint1.Task4.V0.Lib\Tyuiu.MelehovAG.Sprint1.Task4.V0.Lib.csproj", "{508E9E15-BE17-4D64-9054-ACB55B9B70F1}"
EndProject
Project("{FAE04EC0-301F-11D3-BF4B-00C04F79EFBC}") = "Tyuiu.MelehovAG.Sprint1.Task4.V0.Test", "Tyuiu.MelehovAG.Sprint1.Task4.V0.Test\Tyuiu.MelehovAG.Sprint1.Task4.V0.Test.csproj", "{53DF694D-7A3C-4C74-AF17-53ED8725044D}"
EndProject
Project("{FAE04EC0-301F-11D3-BF4B-00C04F79EFBC}") = "Tyuiu.MelehovAG.Sprint1.Task5.V0", "Tyuiu.MelehovAG.Sprint1.Task5.V0\Tyuiu.MelehovAG.Sprint1.Task5.V0.csproj", "{D33B2555-2567-45AA-AB6F-C54A33432A4E}"
EndProject
Project("{FAE04EC0-301F-11D3-BF4B-00C04F79EFBC}") = "Tyuiu.MelehovAG.Sprint1.Task5.V0.Lib", "Tyuiu.MelehovAG.Sprint1.Task5.V0.Lib\Tyuiu.MelehovAG.Sprint1.Task5.V0.Lib.csproj", "{F41EBFF2-DEB3-462F-8BDD-3B7496FC8607}"
EndProject
Project("{FAE04EC0-301F-11D3-BF4B-00C04F79EFBC}") = "Tyuiu.MelehovAG.Sprint1.Task5.V0.Test", "Tyuiu.MelehovAG.Sprint1.Task5.V0.Test\Tyuiu.MelehovAG.Sprint1.Task5.V0.Test.csproj", "{96F7DA5F-1A33-4F7F-9F20-897F9CB2BB8C}"
EndProject
Project("{FAE04EC0-301F-11D3-BF4B-00C04F79EFBC}") = "Tyuiu.MelehovAG.Sprint1.Task6.V0", "Tyuiu.MelehovAG.Sprint1.Task6.V0\Tyuiu.MelehovAG.Sprint1.Task6.V0.csproj", "{FFC6BDC1-BF4F-48A0-99CD-15290A718785}"
EndProject
Project("{FAE04EC0-301F-11D3-BF4B-00C04F79EFBC}") = "Tyuiu.MelehovAG.Sprint1.Task6.V0.Lib", "Tyuiu.MelehovAG.Sprint1.Task6.V0.Lib\Tyuiu.MelehovAG.Sprint1.Task6.V0.Lib.csproj", "{B0EF3901-016F-446B-BFC5-874EF564EE52}"
EndProject
Project("{FAE04EC0-301F-11D3-BF4B-00C04F79EFBC}") = "Tyuiu.MelehovAG.Sprint1.Task6.V0.Test", "Tyuiu.MelehovAG.Sprint1.Task6.V0.Test\Tyuiu.MelehovAG.Sprint1.Task6.V0.Test.csproj", "{613F9EF1-DBA2-4913-BF83-1FE844B881E6}"
EndProject
Project("{FAE04EC0-301F-11D3-BF4B-00C04F79EFBC}") = "Tyuiu.MelehovAG.Sprint1.Task7.V0", "Tyuiu.MelehovAG.Sprint1.Task7.V0\Tyuiu.MelehovAG.Sprint1.Task7.V0.csproj", "{77A5D9BD-2C8B-474C-8F7E-E25BF4261D20}"
EndProject
Project("{FAE04EC0-301F-11D3-BF4B-00C04F79EFBC}") = "Tyuiu.MelehovAG.Sprint1.Task7.V0.Lib", "Tyuiu.MelehovAG.Sprint1.Task7.V0.Lib\Tyuiu.MelehovAG.Sprint1.Task7.V0.Lib.csproj", "{AEAC79D2-BEA6-4C7F-8882-CC3869126050}"
EndProject
Project("{FAE04EC0-301F-11D3-BF4B-00C04F79EFBC}") = "Tyuiu.MelehovAG.Sprint1.Task7.V0.Test", "Tyuiu.MelehovAG.Sprint1.Task7.V0.Test\Tyuiu.MelehovAG.Sprint1.Task7.V0.Test.csproj", "{584D5770-2314-4E48-B142-D8B690C63B14}"
EndProject
Project("{FAE04EC0-301F-11D3-BF4B-00C04F79EFBC}") = "Tyuiu.MelehovAG.Sprint1.Task1.V22", "Tyuiu.MelehovAG.Sprint1.Task1.V22\Tyuiu.MelehovAG.Sprint1.Task1.V22.csproj", "{01456065-4EAE-4C8E-80D8-7AAC338E1438}"
EndProject
Project("{FAE04EC0-301F-11D3-BF4B-00C04F79EFBC}") = "Tyuiu.MelehovAG.Sprint1.Task1.V22.Lib", "Tyuiu.MelehovAG.Sprint1.Task1.V22.Lib\Tyuiu.MelehovAG.Sprint1.Task1.V22.Lib.csproj", "{DBCD8A07-A802-41AD-A16D-9FC2D6378125}"
EndProject
Project("{FAE04EC0-301F-11D3-BF4B-00C04F79EFBC}") = "Tyuiu.MelehovAG.Sprint1.Task1.V22.Test", "Tyuiu.MelehovAG.Sprint1.Task1.V22.Test\Tyuiu.MelehovAG.Sprint1.Task1.V22.Test.csproj", "{22FBD4C7-05EA-40BD-94D0-12598F957188}"
EndProject
Project("{FAE04EC0-301F-11D3-BF4B-00C04F79EFBC}") = "Tyuiu.MelehovAG.Sprint1.Task2.V30", "Tyuiu.MelehovAG.Sprint1.Task2.V30\Tyuiu.MelehovAG.Sprint1.Task2.V30.csproj", "{2BD1ECB8-5EA5-4ACB-8C07-AB9A645D8945}"
EndProject
Project("{FAE04EC0-301F-11D3-BF4B-00C04F79EFBC}") = "Tyuiu.MelehovAG.Sprint1.Task2.V30.Lib", "Tyuiu.MelehovAG.Sprint1.Task2.V30.Lib\Tyuiu.MelehovAG.Sprint1.Task2.V30.Lib.csproj", "{8A5C7413-6B7D-4D35-8D0C-74B1760B140F}"
EndProject
Project("{FAE04EC0-301F-11D3-BF4B-00C04F79EFBC}") = "Tyuiu.MelehovAG.Sprint1.Task2.V30.Test", "Tyuiu.MelehovAG.Sprint1.Task2.V30.Test\Tyuiu.MelehovAG.Sprint1.Task2.V30.Test.csproj", "{0DABA505-45CC-4291-AC43-F3588B21E472}"
EndProject
Project("{FAE04EC0-301F-11D3-BF4B-00C04F79EFBC}") = "Tyuiu.MelehovAG.Sprint1.Task3.V7", "Tyuiu.MelehovAG.Sprint1.Task3.V7\Tyuiu.MelehovAG.Sprint1.Task3.V7.csproj", "{74D7B16C-1378-47D8-BFA3-EF74A6589B5E}"
EndProject
Project("{FAE04EC0-301F-11D3-BF4B-00C04F79EFBC}") = "Tyuiu.MelehovAG.Sprint1.Task3.V7.Lib", "Tyuiu.MelehovAG.Sprint1.Task3.V7.Lib\Tyuiu.MelehovAG.Sprint1.Task3.V7.Lib.csproj", "{76014AF0-59A2-4706-AC40-6192AAE70002}"
EndProject
Project("{FAE04EC0-301F-11D3-BF4B-00C04F79EFBC}") = "Tyuiu.MelehovAG.Sprint1.Task3.V7.Test", "Tyuiu.MelehovAG.Sprint1.Task3.V7.Test\Tyuiu.MelehovAG.Sprint1.Task3.V7.Test.csproj", "{27FE3F46-869A-44E6-B49E-34DA043C2448}"
EndProject
Project("{FAE04EC0-301F-11D3-BF4B-00C04F79EFBC}") = "Tyuiu.MelehovAG.Sprint1.Task4.V10", "Tyuiu.MelehovAG.Sprint1.Task4.V10\Tyuiu.MelehovAG.Sprint1.Task4.V10.csproj", "{FF0FDAE0-5BCE-4640-87E2-0E64A4A9DD67}"
EndProject
Project("{FAE04EC0-301F-11D3-BF4B-00C04F79EFBC}") = "Tyuiu.MelehovAG.Sprint1.Task4.V10.Lib", "Tyuiu.MelehovAG.Sprint1.Task4.V10.Lib\Tyuiu.MelehovAG.Sprint1.Task4.V10.Lib.csproj", "{725C91C2-13E3-46E4-B586-50978D18167C}"
EndProject
Project("{FAE04EC0-301F-11D3-BF4B-00C04F79EFBC}") = "Tyuiu.MelehovAG.Sprint1.Task4.V10.Test", "Tyuiu.MelehovAG.Sprint1.Task4.V10.Test\Tyuiu.MelehovAG.Sprint1.Task4.V10.Test.csproj", "{4709C9DE-76C7-4D56-AC3A-3D93F31CE94A}"
EndProject
Project("{FAE04EC0-301F-11D3-BF4B-00C04F79EFBC}") = "Tyuiu.MelehovAG.Sprint1.Task5.V4", "Tyuiu.MelehovAG.Sprint1.Task5.V4\Tyuiu.MelehovAG.Sprint1.Task5.V4.csproj", "{C46C46E6-99C2-4CA4-BB4C-20DD6E84BCD5}"
EndProject
Project("{FAE04EC0-301F-11D3-BF4B-00C04F79EFBC}") = "Tyuiu.MelehovAG.Sprint1.Task5.V4.Lib", "Tyuiu.MelehovAG.Sprint1.Task5.V4.Lib\Tyuiu.MelehovAG.Sprint1.Task5.V4.Lib.csproj", "{61E2E771-A426-4DBF-9A68-78B98CD59A8E}"
EndProject
Project("{FAE04EC0-301F-11D3-BF4B-00C04F79EFBC}") = "Tyuiu.MelehovAG.Sprint1.Task5.V4.Test", "Tyuiu.MelehovAG.Sprint1.Task5.V4.Test\Tyuiu.MelehovAG.Sprint1.Task5.V4.Test.csproj", "{62F59E2F-8B24-481B-80A0-1BFD5F387C75}"
EndProject
Project("{FAE04EC0-301F-11D3-BF4B-00C04F79EFBC}") = "Tyuiu.MelehovAG.Sprint1.Task6.V13", "Tyuiu.MelehovAG.Sprint1.Task6.V13\Tyuiu.MelehovAG.Sprint1.Task6.V13.csproj", "{F544656E-2C58-4178-AAF6-4E2BA5B937AA}"
EndProject
Project("{FAE04EC0-301F-11D3-BF4B-00C04F79EFBC}") = "Tyuiu.MelehovAG.Sprint1.Task6.V13.Lib", "Tyuiu.MelehovAG.Sprint1.Task6.V13.Lib\Tyuiu.MelehovAG.Sprint1.Task6.V13.Lib.csproj", "{13A78DA8-5D83-4EF8-A7A5-3DCA5867C135}"
EndProject
Project("{FAE04EC0-301F-11D3-BF4B-00C04F79EFBC}") = "Tyuiu.MelehovAG.Sprint1.Task6.V13.Test", "Tyuiu.MelehovAG.Sprint1.Task6.V13.Test\Tyuiu.MelehovAG.Sprint1.Task6.V13.Test.csproj", "{915D1949-ECD9-4A07-AC80-3E36FBD805E6}"
EndProject
Project("{FAE04EC0-301F-11D3-BF4B-00C04F79EFBC}") = "Tyuiu.MelehovAG.Sprint1.Task7.V13", "Tyuiu.MelehovAG.Sprint1.Task7.V13\Tyuiu.MelehovAG.Sprint1.Task7.V13.csproj", "{3000354E-2B7E-4A4D-82CE-72B905213887}"
EndProject
Project("{FAE04EC0-301F-11D3-BF4B-00C04F79EFBC}") = "Tyuiu.MelehovAG.Sprint1.Task7.V13.Lib", "Tyuiu.MelehovAG.Sprint1.Task7.V13.Lib\Tyuiu.MelehovAG.Sprint1.Task7.V13.Lib.csproj", "{75FB7526-3BC9-4FF4-8F07-B50C6DDE59EC}"
EndProject
Project("{FAE04EC0-301F-11D3-BF4B-00C04F79EFBC}") = "Tyuiu.MelehovAG.Sprint1.Task7.V13.Test", "Tyuiu.MelehovAG.Sprint1.Task7.V13.Test\Tyuiu.MelehovAG.Sprint1.Task7.V13.Test.csproj", "{E0A30E99-DB87-45E5-9233-12AD24A56079}"
EndProject
Global
	GlobalSection(SolutionConfigurationPlatforms) = preSolution
		Debug|Any CPU = Debug|Any CPU
		Release|Any CPU = Release|Any CPU
	EndGlobalSection
	GlobalSection(ProjectConfigurationPlatforms) = postSolution
		{CA7274CF-C1C5-437C-B3A9-07611744CE0C}.Debug|Any CPU.ActiveCfg = Debug|Any CPU
		{CA7274CF-C1C5-437C-B3A9-07611744CE0C}.Debug|Any CPU.Build.0 = Debug|Any CPU
		{CA7274CF-C1C5-437C-B3A9-07611744CE0C}.Release|Any CPU.ActiveCfg = Release|Any CPU
		{CA7274CF-C1C5-437C-B3A9-07611744CE0C}.Release|Any CPU.Build.0 = Release|Any CPU
		{18553A0D-9258-43F8-BFCD-6D6BF1B92ABD}.Debug|Any CPU.ActiveCfg = Debug|Any CPU
		{18553A0D-9258-43F8-BFCD-6D6BF1B92ABD}.Debug|Any CPU.Build.0 = Debug|Any CPU
		{18553A0D-9258-43F8-BFCD-6D6BF1B92ABD}.Release|Any CPU.ActiveCfg = Release|Any CPU
		{18553A0D-9258-43F8-BFCD-6D6BF1B92ABD}.Release|Any CPU.Build.0 = Release|Any CPU
		{9A1E1CDF-B03E-4DF8-9EB8-6438F5B10343}.Debug|Any CPU.ActiveCfg = Debug|Any CPU
		{9A1E1CDF-B03E-4DF8-9EB8-6438F5B10343}.Debug|Any CPU.Build.0 = Debug|Any CPU
		{9A1E1CDF-B03E-4DF8-9EB8-6438F5B10343}.Release|Any CPU.ActiveCfg = Release|Any CPU
		{9A1E1CDF-B03E-4DF8-9EB8-6438F5B10343}.Release|Any CPU.Build.0 = Release|Any CPU
		{9BFFC394-1402-41B8-9C22-3C774AF2597B}.Debug|Any CPU.ActiveCfg = Debug|Any CPU
		{9BFFC394-1402-41B8-9C22-3C774AF2597B}.Debug|Any CPU.Build.0 = Debug|Any CPU
		{9BFFC394-1402-41B8-9C22-3C774AF2597B}.Release|Any CPU.ActiveCfg = Release|Any CPU
		{9BFFC394-1402-41B8-9C22-3C774AF2597B}.Release|Any CPU.Build.0 = Release|Any CPU
		{CE4AC304-138B-4ADF-B6C0-550A6E684665}.Debug|Any CPU.ActiveCfg = Debug|Any CPU
		{CE4AC304-138B-4ADF-B6C0-550A6E684665}.Debug|Any CPU.Build.0 = Debug|Any CPU
		{CE4AC304-138B-4ADF-B6C0-550A6E684665}.Release|Any CPU.ActiveCfg = Release|Any CPU
		{CE4AC304-138B-4ADF-B6C0-550A6E684665}.Release|Any CPU.Build.0 = Release|Any CPU
		{4F93CA26-7414-4E97-9548-D9F80F406D36}.Debug|Any CPU.ActiveCfg = Debug|Any CPU
		{4F93CA26-7414-4E97-9548-D9F80F406D36}.Debug|Any CPU.Build.0 = Debug|Any CPU
		{4F93CA26-7414-4E97-9548-D9F80F406D36}.Release|Any CPU.ActiveCfg = Release|Any CPU
		{4F93CA26-7414-4E97-9548-D9F80F406D36}.Release|Any CPU.Build.0 = Release|Any CPU
		{156F528E-BA11-4EEF-9754-79F9E490B602}.Debug|Any CPU.ActiveCfg = Debug|Any CPU
		{156F528E-BA11-4EEF-9754-79F9E490B602}.Debug|Any CPU.Build.0 = Debug|Any CPU
		{156F528E-BA11-4EEF-9754-79F9E490B602}.Release|Any CPU.ActiveCfg = Release|Any CPU
		{156F528E-BA11-4EEF-9754-79F9E490B602}.Release|Any CPU.Build.0 = Release|Any CPU
		{B130192A-C1F2-4856-9C66-7827304F3BA8}.Debug|Any CPU.ActiveCfg = Debug|Any CPU
		{B130192A-C1F2-4856-9C66-7827304F3BA8}.Debug|Any CPU.Build.0 = Debug|Any CPU
		{B130192A-C1F2-4856-9C66-7827304F3BA8}.Release|Any CPU.ActiveCfg = Release|Any CPU
		{B130192A-C1F2-4856-9C66-7827304F3BA8}.Release|Any CPU.Build.0 = Release|Any CPU
		{037DA9BC-9871-4850-8ABA-1DFE71B28224}.Debug|Any CPU.ActiveCfg = Debug|Any CPU
		{037DA9BC-9871-4850-8ABA-1DFE71B28224}.Debug|Any CPU.Build.0 = Debug|Any CPU
		{037DA9BC-9871-4850-8ABA-1DFE71B28224}.Release|Any CPU.ActiveCfg = Release|Any CPU
		{037DA9BC-9871-4850-8ABA-1DFE71B28224}.Release|Any CPU.Build.0 = Release|Any CPU
		{F8FCCAB9-116F-4C6F-B34D-A7C9B4775893}.Debug|Any CPU.ActiveCfg = Debug|Any CPU
		{F8FCCAB9-116F-4C6F-B34D-A7C9B4775893}.Debug|Any CPU.Build.0 = Debug|Any CPU
		{F8FCCAB9-116F-4C6F-B34D-A7C9B4775893}.Release|Any CPU.ActiveCfg = Release|Any CPU
		{F8FCCAB9-116F-4C6F-B34D-A7C9B4775893}.Release|Any CPU.Build.0 = Release|Any CPU
		{90DD4FE3-26D2-4CDB-B02B-CF32A6CEB72C}.Debug|Any CPU.ActiveCfg = Debug|Any CPU
		{90DD4FE3-26D2-4CDB-B02B-CF32A6CEB72C}.Debug|Any CPU.Build.0 = Debug|Any CPU
		{90DD4FE3-26D2-4CDB-B02B-CF32A6CEB72C}.Release|Any CPU.ActiveCfg = Release|Any CPU
		{90DD4FE3-26D2-4CDB-B02B-CF32A6CEB72C}.Release|Any CPU.Build.0 = Release|Any CPU
		{EC9C1A72-EDA2-4F72-B00C-59B01C3C438C}.Debug|Any CPU.ActiveCfg = Debug|Any CPU
		{EC9C1A72-EDA2-4F72-B00C-59B01C3C438C}.Debug|Any CPU.Build.0 = Debug|Any CPU
		{EC9C1A72-EDA2-4F72-B00C-59B01C3C438C}.Release|Any CPU.ActiveCfg = Release|Any CPU
		{EC9C1A72-EDA2-4F72-B00C-59B01C3C438C}.Release|Any CPU.Build.0 = Release|Any CPU
		{D8866DAE-383F-464A-A50B-8A4E1BC5A89E}.Debug|Any CPU.ActiveCfg = Debug|Any CPU
		{D8866DAE-383F-464A-A50B-8A4E1BC5A89E}.Debug|Any CPU.Build.0 = Debug|Any CPU
		{D8866DAE-383F-464A-A50B-8A4E1BC5A89E}.Release|Any CPU.ActiveCfg = Release|Any CPU
		{D8866DAE-383F-464A-A50B-8A4E1BC5A89E}.Release|Any CPU.Build.0 = Release|Any CPU
		{146FB4DF-AD72-4C20-A24C-43D23DAC6363}.Debug|Any CPU.ActiveCfg = Debug|Any CPU
		{146FB4DF-AD72-4C20-A24C-43D23DAC6363}.Debug|Any CPU.Build.0 = Debug|Any CPU
		{146FB4DF-AD72-4C20-A24C-43D23DAC6363}.Release|Any CPU.ActiveCfg = Release|Any CPU
		{146FB4DF-AD72-4C20-A24C-43D23DAC6363}.Release|Any CPU.Build.0 = Release|Any CPU
		{CE4C1049-9813-4A7B-A4A3-906F9A2BDC7B}.Debug|Any CPU.ActiveCfg = Debug|Any CPU
		{CE4C1049-9813-4A7B-A4A3-906F9A2BDC7B}.Debug|Any CPU.Build.0 = Debug|Any CPU
		{CE4C1049-9813-4A7B-A4A3-906F9A2BDC7B}.Release|Any CPU.ActiveCfg = Release|Any CPU
		{CE4C1049-9813-4A7B-A4A3-906F9A2BDC7B}.Release|Any CPU.Build.0 = Release|Any CPU
		{7C1815D8-9122-42B7-AF1C-9D271F6A49E1}.Debug|Any CPU.ActiveCfg = Debug|Any CPU
		{7C1815D8-9122-42B7-AF1C-9D271F6A49E1}.Debug|Any CPU.Build.0 = Debug|Any CPU
		{7C1815D8-9122-42B7-AF1C-9D271F6A49E1}.Release|Any CPU.ActiveCfg = Release|Any CPU
		{7C1815D8-9122-42B7-AF1C-9D271F6A49E1}.Release|Any CPU.Build.0 = Release|Any CPU
		{508E9E15-BE17-4D64-9054-ACB55B9B70F1}.Debug|Any CPU.ActiveCfg = Debug|Any CPU
		{508E9E15-BE17-4D64-9054-ACB55B9B70F1}.Debug|Any CPU.Build.0 = Debug|Any CPU
		{508E9E15-BE17-4D64-9054-ACB55B9B70F1}.Release|Any CPU.ActiveCfg = Release|Any CPU
		{508E9E15-BE17-4D64-9054-ACB55B9B70F1}.Release|Any CPU.Build.0 = Release|Any CPU
		{53DF694D-7A3C-4C74-AF17-53ED8725044D}.Debug|Any CPU.ActiveCfg = Debug|Any CPU
		{53DF694D-7A3C-4C74-AF17-53ED8725044D}.Debug|Any CPU.Build.0 = Debug|Any CPU
		{53DF694D-7A3C-4C74-AF17-53ED8725044D}.Release|Any CPU.ActiveCfg = Release|Any CPU
		{53DF694D-7A3C-4C74-AF17-53ED8725044D}.Release|Any CPU.Build.0 = Release|Any CPU
		{D33B2555-2567-45AA-AB6F-C54A33432A4E}.Debug|Any CPU.ActiveCfg = Debug|Any CPU
		{D33B2555-2567-45AA-AB6F-C54A33432A4E}.Debug|Any CPU.Build.0 = Debug|Any CPU
		{D33B2555-2567-45AA-AB6F-C54A33432A4E}.Release|Any CPU.ActiveCfg = Release|Any CPU
		{D33B2555-2567-45AA-AB6F-C54A33432A4E}.Release|Any CPU.Build.0 = Release|Any CPU
		{F41EBFF2-DEB3-462F-8BDD-3B7496FC8607}.Debug|Any CPU.ActiveCfg = Debug|Any CPU
		{F41EBFF2-DEB3-462F-8BDD-3B7496FC8607}.Debug|Any CPU.Build.0 = Debug|Any CPU
		{F41EBFF2-DEB3-462F-8BDD-3B7496FC8607}.Release|Any CPU.ActiveCfg = Release|Any CPU
		{F41EBFF2-DEB3-462F-8BDD-3B7496FC8607}.Release|Any CPU.Build.0 = Release|Any CPU
		{96F7DA5F-1A33-4F7F-9F20-897F9CB2BB8C}.Debug|Any CPU.ActiveCfg = Debug|Any CPU
		{96F7DA5F-1A33-4F7F-9F20-897F9CB2BB8C}.Debug|Any CPU.Build.0 = Debug|Any CPU
		{96F7DA5F-1A33-4F7F-9F20-897F9CB2BB8C}.Release|Any CPU.ActiveCfg = Release|Any CPU
		{96F7DA5F-1A33-4F7F-9F20-897F9CB2BB8C}.Release|Any CPU.Build.0 = Release|Any CPU
		{FFC6BDC1-BF4F-48A0-99CD-15290A718785}.Debug|Any CPU.ActiveCfg = Debug|Any CPU
		{FFC6BDC1-BF4F-48A0-99CD-15290A718785}.Debug|Any CPU.Build.0 = Debug|Any CPU
		{FFC6BDC1-BF4F-48A0-99CD-15290A718785}.Release|Any CPU.ActiveCfg = Release|Any CPU
		{FFC6BDC1-BF4F-48A0-99CD-15290A718785}.Release|Any CPU.Build.0 = Release|Any CPU
		{B0EF3901-016F-446B-BFC5-874EF564EE52}.Debug|Any CPU.ActiveCfg = Debug|Any CPU
		{B0EF3901-016F-446B-BFC5-874EF564EE52}.Debug|Any CPU.Build.0 = Debug|Any CPU
		{B0EF3901-016F-446B-BFC5-874EF564EE52}.Release|Any CPU.ActiveCfg = Release|Any CPU
		{B0EF3901-016F-446B-BFC5-874EF564EE52}.Release|Any CPU.Build.0 = Release|Any CPU
		{613F9EF1-DBA2-4913-BF83-1FE844B881E6}.Debug|Any CPU.ActiveCfg = Debug|Any CPU
		{613F9EF1-DBA2-4913-BF83-1FE844B881E6}.Debug|Any CPU.Build.0 = Debug|Any CPU
		{613F9EF1-DBA2-4913-BF83-1FE844B881E6}.Release|Any CPU.ActiveCfg = Release|Any CPU
		{613F9EF1-DBA2-4913-BF83-1FE844B881E6}.Release|Any CPU.Build.0 = Release|Any CPU
		{77A5D9BD-2C8B-474C-8F7E-E25BF4261D20}.Debug|Any CPU.ActiveCfg = Debug|Any CPU
		{77A5D9BD-2C8B-474C-8F7E-E25BF4261D20}.Debug|Any CPU.Build.0 = Debug|Any CPU
		{77A5D9BD-2C8B-474C-8F7E-E25BF4261D20}.Release|Any CPU.ActiveCfg = Release|Any CPU
		{77A5D9BD-2C8B-474C-8F7E-E25BF4261D20}.Release|Any CPU.Build.0 = Release|Any CPU
		{AEAC79D2-BEA6-4C7F-8882-CC3869126050}.Debug|Any CPU.ActiveCfg = Debug|Any CPU
		{AEAC79D2-BEA6-4C7F-8882-CC3869126050}.Debug|Any CPU.Build.0 = Debug|Any CPU
		{AEAC79D2-BEA6-4C7F-8882-CC3869126050}.Release|Any CPU.ActiveCfg = Release|Any CPU
		{AEAC79D2-BEA6-4C7F-8882-CC3869126050}.Release|Any CPU.Build.0 = Release|Any CPU
		{584D5770-2314-4E48-B142-D8B690C63B14}.Debug|Any CPU.ActiveCfg = Debug|Any CPU
		{584D5770-2314-4E48-B142-D8B690C63B14}.Debug|Any CPU.Build.0 = Debug|Any CPU
		{584D5770-2314-4E48-B142-D8B690C63B14}.Release|Any CPU.ActiveCfg = Release|Any CPU
		{584D5770-2314-4E48-B142-D8B690C63B14}.Release|Any CPU.Build.0 = Release|Any CPU
		{01456065-4EAE-4C8E-80D8-7AAC338E1438}.Debug|Any CPU.ActiveCfg = Debug|Any CPU
		{01456065-4EAE-4C8E-80D8-7AAC338E1438}.Debug|Any CPU.Build.0 = Debug|Any CPU
		{01456065-4EAE-4C8E-80D8-7AAC338E1438}.Release|Any CPU.ActiveCfg = Release|Any CPU
		{01456065-4EAE-4C8E-80D8-7AAC338E1438}.Release|Any CPU.Build.0 = Release|Any CPU
		{DBCD8A07-A802-41AD-A16D-9FC2D6378125}.Debug|Any CPU.ActiveCfg = Debug|Any CPU
		{DBCD8A07-A802-41AD-A16D-9FC2D6378125}.Debug|Any CPU.Build.0 = Debug|Any CPU
		{DBCD8A07-A802-41AD-A16D-9FC2D6378125}.Release|Any CPU.ActiveCfg = Release|Any CPU
		{DBCD8A07-A802-41AD-A16D-9FC2D6378125}.Release|Any CPU.Build.0 = Release|Any CPU
		{22FBD4C7-05EA-40BD-94D0-12598F957188}.Debug|Any CPU.ActiveCfg = Debug|Any CPU
		{22FBD4C7-05EA-40BD-94D0-12598F957188}.Debug|Any CPU.Build.0 = Debug|Any CPU
		{22FBD4C7-05EA-40BD-94D0-12598F957188}.Release|Any CPU.ActiveCfg = Release|Any CPU
		{22FBD4C7-05EA-40BD-94D0-12598F957188}.Release|Any CPU.Build.0 = Release|Any CPU
		{2BD1ECB8-5EA5-4ACB-8C07-AB9A645D8945}.Debug|Any CPU.ActiveCfg = Debug|Any CPU
		{2BD1ECB8-5EA5-4ACB-8C07-AB9A645D8945}.Debug|Any CPU.Build.0 = Debug|Any CPU
		{2BD1ECB8-5EA5-4ACB-8C07-AB9A645D8945}.Release|Any CPU.ActiveCfg = Release|Any CPU
		{2BD1ECB8-5EA5-4ACB-8C07-AB9A645D8945}.Release|Any CPU.Build.0 = Release|Any CPU
		{8A5C7413-6B7D-4D35-8D0C-74B1760B140F}.Debug|Any CPU.ActiveCfg = Debug|Any CPU
		{8A5C7413-6B7D-4D35-8D0C-74B1760B140F}.Debug|Any CPU.Build.0 = Debug|Any CPU
		{8A5C7413-6B7D-4D35-8D0C-74B1760B140F}.Release|Any CPU.ActiveCfg = Release|Any CPU
		{8A5C7413-6B7D-4D35-8D0C-74B1760B140F}.Release|Any CPU.Build.0 = Release|Any CPU
		{0DABA505-45CC-4291-AC43-F3588B21E472}.Debug|Any CPU.ActiveCfg = Debug|Any CPU
		{0DABA505-45CC-4291-AC43-F3588B21E472}.Debug|Any CPU.Build.0 = Debug|Any CPU
		{0DABA505-45CC-4291-AC43-F3588B21E472}.Release|Any CPU.ActiveCfg = Release|Any CPU
		{0DABA505-45CC-4291-AC43-F3588B21E472}.Release|Any CPU.Build.0 = Release|Any CPU
		{74D7B16C-1378-47D8-BFA3-EF74A6589B5E}.Debug|Any CPU.ActiveCfg = Debug|Any CPU
		{74D7B16C-1378-47D8-BFA3-EF74A6589B5E}.Debug|Any CPU.Build.0 = Debug|Any CPU
		{74D7B16C-1378-47D8-BFA3-EF74A6589B5E}.Release|Any CPU.ActiveCfg = Release|Any CPU
		{74D7B16C-1378-47D8-BFA3-EF74A6589B5E}.Release|Any CPU.Build.0 = Release|Any CPU
		{76014AF0-59A2-4706-AC40-6192AAE70002}.Debug|Any CPU.ActiveCfg = Debug|Any CPU
		{76014AF0-59A2-4706-AC40-6192AAE70002}.Debug|Any CPU.Build.0 = Debug|Any CPU
		{76014AF0-59A2-4706-AC40-6192AAE70002}.Release|Any CPU.ActiveCfg = Release|Any CPU
		{76014AF0-59A2-4706-AC40-6192AAE70002}.Release|Any CPU.Build.0 = Release|Any CPU
		{27FE3F46-869A-44E6-B49E-34DA043C2448}.Debug|Any CPU.ActiveCfg = Debug|Any CPU
		{27FE3F46-869A-44E6-B49E-34DA043C2448}.Debug|Any CPU.Build.0 = Debug|Any CPU
		{27FE3F46-869A-44E6-B49E-34DA043C2448}.Release|Any CPU.ActiveCfg = Release|Any CPU
		{27FE3F46-869A-44E6-B49E-34DA043C2448}.Release|Any CPU.Build.0 = Release|Any CPU
		{FF0FDAE0-5BCE-4640-87E2-0E64A4A9DD67}.Debug|Any CPU.ActiveCfg = Debug|Any CPU
		{FF0FDAE0-5BCE-4640-87E2-0E64A4A9DD67}.Debug|Any CPU.Build.0 = Debug|Any CPU
		{FF0FDAE0-5BCE-4640-87E2-0E64A4A9DD67}.Release|Any CPU.ActiveCfg = Release|Any CPU
		{FF0FDAE0-5BCE-4640-87E2-0E64A4A9DD67}.Release|Any CPU.Build.0 = Release|Any CPU
		{725C91C2-13E3-46E4-B586-50978D18167C}.Debug|Any CPU.ActiveCfg = Debug|Any CPU
		{725C91C2-13E3-46E4-B586-50978D18167C}.Debug|Any CPU.Build.0 = Debug|Any CPU
		{725C91C2-13E3-46E4-B586-50978D18167C}.Release|Any CPU.ActiveCfg = Release|Any CPU
		{725C91C2-13E3-46E4-B586-50978D18167C}.Release|Any CPU.Build.0 = Release|Any CPU
		{4709C9DE-76C7-4D56-AC3A-3D93F31CE94A}.Debug|Any CPU.ActiveCfg = Debug|Any CPU
		{4709C9DE-76C7-4D56-AC3A-3D93F31CE94A}.Debug|Any CPU.Build.0 = Debug|Any CPU
		{4709C9DE-76C7-4D56-AC3A-3D93F31CE94A}.Release|Any CPU.ActiveCfg = Release|Any CPU
		{4709C9DE-76C7-4D56-AC3A-3D93F31CE94A}.Release|Any CPU.Build.0 = Release|Any CPU
		{C46C46E6-99C2-4CA4-BB4C-20DD6E84BCD5}.Debug|Any CPU.ActiveCfg = Debug|Any CPU
		{C46C46E6-99C2-4CA4-BB4C-20DD6E84BCD5}.Debug|Any CPU.Build.0 = Debug|Any CPU
		{C46C46E6-99C2-4CA4-BB4C-20DD6E84BCD5}.Release|Any CPU.ActiveCfg = Release|Any CPU
		{C46C46E6-99C2-4CA4-BB4C-20DD6E84BCD5}.Release|Any CPU.Build.0 = Release|Any CPU
		{61E2E771-A426-4DBF-9A68-78B98CD59A8E}.Debug|Any CPU.ActiveCfg = Debug|Any CPU
		{61E2E771-A426-4DBF-9A68-78B98CD59A8E}.Debug|Any CPU.Build.0 = Debug|Any CPU
		{61E2E771-A426-4DBF-9A68-78B98CD59A8E}.Release|Any CPU.ActiveCfg = Release|Any CPU
		{61E2E771-A426-4DBF-9A68-78B98CD59A8E}.Release|Any CPU.Build.0 = Release|Any CPU
		{62F59E2F-8B24-481B-80A0-1BFD5F387C75}.Debug|Any CPU.ActiveCfg = Debug|Any CPU
		{62F59E2F-8B24-481B-80A0-1BFD5F387C75}.Debug|Any CPU.Build.0 = Debug|Any CPU
		{62F59E2F-8B24-481B-80A0-1BFD5F387C75}.Release|Any CPU.ActiveCfg = Release|Any CPU
		{62F59E2F-8B24-481B-80A0-1BFD5F387C75}.Release|Any CPU.Build.0 = Release|Any CPU
		{F544656E-2C58-4178-AAF6-4E2BA5B937AA}.Debug|Any CPU.ActiveCfg = Debug|Any CPU
		{F544656E-2C58-4178-AAF6-4E2BA5B937AA}.Debug|Any CPU.Build.0 = Debug|Any CPU
		{F544656E-2C58-4178-AAF6-4E2BA5B937AA}.Release|Any CPU.ActiveCfg = Release|Any CPU
		{F544656E-2C58-4178-AAF6-4E2BA5B937AA}.Release|Any CPU.Build.0 = Release|Any CPU
		{13A78DA8-5D83-4EF8-A7A5-3DCA5867C135}.Debug|Any CPU.ActiveCfg = Debug|Any CPU
		{13A78DA8-5D83-4EF8-A7A5-3DCA5867C135}.Debug|Any CPU.Build.0 = Debug|Any CPU
		{13A78DA8-5D83-4EF8-A7A5-3DCA5867C135}.Release|Any CPU.ActiveCfg = Release|Any CPU
		{13A78DA8-5D83-4EF8-A7A5-3DCA5867C135}.Release|Any CPU.Build.0 = Release|Any CPU
		{915D1949-ECD9-4A07-AC80-3E36FBD805E6}.Debug|Any CPU.ActiveCfg = Debug|Any CPU
		{915D1949-ECD9-4A07-AC80-3E36FBD805E6}.Debug|Any CPU.Build.0 = Debug|Any CPU
		{915D1949-ECD9-4A07-AC80-3E36FBD805E6}.Release|Any CPU.ActiveCfg = Release|Any CPU
		{915D1949-ECD9-4A07-AC80-3E36FBD805E6}.Release|Any CPU.Build.0 = Release|Any CPU
		{3000354E-2B7E-4A4D-82CE-72B905213887}.Debug|Any CPU.ActiveCfg = Debug|Any CPU
		{3000354E-2B7E-4A4D-82CE-72B905213887}.Debug|Any CPU.Build.0 = Debug|Any CPU
		{3000354E-2B7E-4A4D-82CE-72B905213887}.Release|Any CPU.ActiveCfg = Release|Any CPU
		{3000354E-2B7E-4A4D-82CE-72B905213887}.Release|Any CPU.Build.0 = Release|Any CPU
		{75FB7526-3BC9-4FF4-8F07-B50C6DDE59EC}.Debug|Any CPU.ActiveCfg = Debug|Any CPU
		{75FB7526-3BC9-4FF4-8F07-B50C6DDE59EC}.Debug|Any CPU.Build.0 = Debug|Any CPU
		{75FB7526-3BC9-4FF4-8F07-B50C6DDE59EC}.Release|Any CPU.ActiveCfg = Release|Any CPU
		{75FB7526-3BC9-4FF4-8F07-B50C6DDE59EC}.Release|Any CPU.Build.0 = Release|Any CPU
		{E0A30E99-DB87-45E5-9233-12AD24A56079}.Debug|Any CPU.ActiveCfg = Debug|Any CPU
		{E0A30E99-DB87-45E5-9233-12AD24A56079}.Debug|Any CPU.Build.0 = Debug|Any CPU
		{E0A30E99-DB87-45E5-9233-12AD24A56079}.Release|Any CPU.ActiveCfg = Release|Any CPU
		{E0A30E99-DB87-45E5-9233-12AD24A56079}.Release|Any CPU.Build.0 = Release|Any CPU
	EndGlobalSection
	GlobalSection(SolutionProperties) = preSolution
		HideSolutionNode = FALSE
	EndGlobalSection
	GlobalSection(NestedProjects) = preSolution
		{CA7274CF-C1C5-437C-B3A9-07611744CE0C} = {EFB98AA5-21F2-4B60-B5F8-DD5B3A64EC3E}
		{18553A0D-9258-43F8-BFCD-6D6BF1B92ABD} = {EFB98AA5-21F2-4B60-B5F8-DD5B3A64EC3E}
		{9A1E1CDF-B03E-4DF8-9EB8-6438F5B10343} = {EFB98AA5-21F2-4B60-B5F8-DD5B3A64EC3E}
		{9BFFC394-1402-41B8-9C22-3C774AF2597B} = {EFB98AA5-21F2-4B60-B5F8-DD5B3A64EC3E}
		{CE4AC304-138B-4ADF-B6C0-550A6E684665} = {EFB98AA5-21F2-4B60-B5F8-DD5B3A64EC3E}
		{4F93CA26-7414-4E97-9548-D9F80F406D36} = {EFB98AA5-21F2-4B60-B5F8-DD5B3A64EC3E}
		{156F528E-BA11-4EEF-9754-79F9E490B602} = {D7E6049F-912C-4BD7-9D86-C996388124EA}
		{B130192A-C1F2-4856-9C66-7827304F3BA8} = {D7E6049F-912C-4BD7-9D86-C996388124EA}
		{037DA9BC-9871-4850-8ABA-1DFE71B28224} = {D7E6049F-912C-4BD7-9D86-C996388124EA}
		{F8FCCAB9-116F-4C6F-B34D-A7C9B4775893} = {97FCB2C0-AA53-407E-9C61-CB926A350AED}
		{90DD4FE3-26D2-4CDB-B02B-CF32A6CEB72C} = {97FCB2C0-AA53-407E-9C61-CB926A350AED}
		{EC9C1A72-EDA2-4F72-B00C-59B01C3C438C} = {97FCB2C0-AA53-407E-9C61-CB926A350AED}
		{D8866DAE-383F-464A-A50B-8A4E1BC5A89E} = {D90435EC-1E55-405F-84D6-686711641B05}
		{146FB4DF-AD72-4C20-A24C-43D23DAC6363} = {D90435EC-1E55-405F-84D6-686711641B05}
		{CE4C1049-9813-4A7B-A4A3-906F9A2BDC7B} = {D90435EC-1E55-405F-84D6-686711641B05}
		{7C1815D8-9122-42B7-AF1C-9D271F6A49E1} = {BC50B209-B11B-4C57-BC30-7D4BB4780149}
		{508E9E15-BE17-4D64-9054-ACB55B9B70F1} = {BC50B209-B11B-4C57-BC30-7D4BB4780149}
		{53DF694D-7A3C-4C74-AF17-53ED8725044D} = {BC50B209-B11B-4C57-BC30-7D4BB4780149}
		{D33B2555-2567-45AA-AB6F-C54A33432A4E} = {B21E746B-55A2-443F-A46D-54D8DA3335A2}
		{F41EBFF2-DEB3-462F-8BDD-3B7496FC8607} = {B21E746B-55A2-443F-A46D-54D8DA3335A2}
		{96F7DA5F-1A33-4F7F-9F20-897F9CB2BB8C} = {B21E746B-55A2-443F-A46D-54D8DA3335A2}
		{FFC6BDC1-BF4F-48A0-99CD-15290A718785} = {D1CC3759-BFE7-49B0-99E0-681FCBF70379}
		{B0EF3901-016F-446B-BFC5-874EF564EE52} = {D1CC3759-BFE7-49B0-99E0-681FCBF70379}
		{613F9EF1-DBA2-4913-BF83-1FE844B881E6} = {D1CC3759-BFE7-49B0-99E0-681FCBF70379}
		{77A5D9BD-2C8B-474C-8F7E-E25BF4261D20} = {8EB9F44C-1190-4829-809D-4B12978DCAEB}
		{AEAC79D2-BEA6-4C7F-8882-CC3869126050} = {8EB9F44C-1190-4829-809D-4B12978DCAEB}
		{584D5770-2314-4E48-B142-D8B690C63B14} = {8EB9F44C-1190-4829-809D-4B12978DCAEB}
		{01456065-4EAE-4C8E-80D8-7AAC338E1438} = {D7E6049F-912C-4BD7-9D86-C996388124EA}
		{DBCD8A07-A802-41AD-A16D-9FC2D6378125} = {D7E6049F-912C-4BD7-9D86-C996388124EA}
		{22FBD4C7-05EA-40BD-94D0-12598F957188} = {D7E6049F-912C-4BD7-9D86-C996388124EA}
		{2BD1ECB8-5EA5-4ACB-8C07-AB9A645D8945} = {97FCB2C0-AA53-407E-9C61-CB926A350AED}
		{8A5C7413-6B7D-4D35-8D0C-74B1760B140F} = {97FCB2C0-AA53-407E-9C61-CB926A350AED}
		{0DABA505-45CC-4291-AC43-F3588B21E472} = {97FCB2C0-AA53-407E-9C61-CB926A350AED}
		{74D7B16C-1378-47D8-BFA3-EF74A6589B5E} = {D90435EC-1E55-405F-84D6-686711641B05}
		{76014AF0-59A2-4706-AC40-6192AAE70002} = {D90435EC-1E55-405F-84D6-686711641B05}
		{27FE3F46-869A-44E6-B49E-34DA043C2448} = {D90435EC-1E55-405F-84D6-686711641B05}
		{FF0FDAE0-5BCE-4640-87E2-0E64A4A9DD67} = {BC50B209-B11B-4C57-BC30-7D4BB4780149}
		{725C91C2-13E3-46E4-B586-50978D18167C} = {BC50B209-B11B-4C57-BC30-7D4BB4780149}
		{4709C9DE-76C7-4D56-AC3A-3D93F31CE94A} = {BC50B209-B11B-4C57-BC30-7D4BB4780149}
		{C46C46E6-99C2-4CA4-BB4C-20DD6E84BCD5} = {B21E746B-55A2-443F-A46D-54D8DA3335A2}
		{61E2E771-A426-4DBF-9A68-78B98CD59A8E} = {B21E746B-55A2-443F-A46D-54D8DA3335A2}
		{62F59E2F-8B24-481B-80A0-1BFD5F387C75} = {B21E746B-55A2-443F-A46D-54D8DA3335A2}
		{F544656E-2C58-4178-AAF6-4E2BA5B937AA} = {D1CC3759-BFE7-49B0-99E0-681FCBF70379}
		{13A78DA8-5D83-4EF8-A7A5-3DCA5867C135} = {D1CC3759-BFE7-49B0-99E0-681FCBF70379}
		{915D1949-ECD9-4A07-AC80-3E36FBD805E6} = {D1CC3759-BFE7-49B0-99E0-681FCBF70379}
		{3000354E-2B7E-4A4D-82CE-72B905213887} = {8EB9F44C-1190-4829-809D-4B12978DCAEB}
		{75FB7526-3BC9-4FF4-8F07-B50C6DDE59EC} = {8EB9F44C-1190-4829-809D-4B12978DCAEB}
		{E0A30E99-DB87-45E5-9233-12AD24A56079} = {8EB9F44C-1190-4829-809D-4B12978DCAEB}
	EndGlobalSection
	GlobalSection(ExtensibilityGlobals) = postSolution
		SolutionGuid = {9B98578C-19D3-4A42-93B2-CFB5845E9C0E}
	EndGlobalSection
EndGlobal
